// !$*UTF8*$!
{
	archiveVersion = 1;
	classes = {
	};
	objectVersion = 48;
	objects = {

/* Begin PBXBuildFile section */
		04528A891FCF8B2900B647B2 /* AppDelegate.swift in Sources */ = {isa = PBXBuildFile; fileRef = 04528A881FCF8B2900B647B2 /* AppDelegate.swift */; };
		04528A8B1FCF8B2900B647B2 /* ViewController.swift in Sources */ = {isa = PBXBuildFile; fileRef = 04528A8A1FCF8B2900B647B2 /* ViewController.swift */; };
		04528A8E1FCF8B2900B647B2 /* Main.storyboard in Resources */ = {isa = PBXBuildFile; fileRef = 04528A8C1FCF8B2900B647B2 /* Main.storyboard */; };
		04528A901FCF8B2900B647B2 /* Assets.xcassets in Resources */ = {isa = PBXBuildFile; fileRef = 04528A8F1FCF8B2900B647B2 /* Assets.xcassets */; };
		04528A931FCF8B2900B647B2 /* LaunchScreen.storyboard in Resources */ = {isa = PBXBuildFile; fileRef = 04528A911FCF8B2900B647B2 /* LaunchScreen.storyboard */; };
/* End PBXBuildFile section */

/* Begin PBXFileReference section */
		04528A851FCF8B2900B647B2 /* question.app */ = {isa = PBXFileReference; explicitFileType = wrapper.application; includeInIndex = 0; path = question.app; sourceTree = BUILT_PRODUCTS_DIR; };
		04528A881FCF8B2900B647B2 /* AppDelegate.swift */ = {isa = PBXFileReference; lastKnownFileType = sourcecode.swift; path = AppDelegate.swift; sourceTree = "<group>"; };
		04528A8A1FCF8B2900B647B2 /* ViewController.swift */ = {isa = PBXFileReference; lastKnownFileType = sourcecode.swift; path = ViewController.swift; sourceTree = "<group>"; };
		04528A8D1FCF8B2900B647B2 /* Base */ = {isa = PBXFileReference; lastKnownFileType = file.storyboard; name = Base; path = Base.lproj/Main.storyboard; sourceTree = "<group>"; };
		04528A8F1FCF8B2900B647B2 /* Assets.xcassets */ = {isa = PBXFileReference; lastKnownFileType = folder.assetcatalog; path = Assets.xcassets; sourceTree = "<group>"; };
		04528A921FCF8B2900B647B2 /* Base */ = {isa = PBXFileReference; lastKnownFileType = file.storyboard; name = Base; path = Base.lproj/LaunchScreen.storyboard; sourceTree = "<group>"; };
		04528A941FCF8B2900B647B2 /* Info.plist */ = {isa = PBXFileReference; lastKnownFileType = text.plist.xml; path = Info.plist; sourceTree = "<group>"; };
/* End PBXFileReference section */

/* Begin PBXFrameworksBuildPhase section */
		04528A821FCF8B2900B647B2 /* Frameworks */ = {
			isa = PBXFrameworksBuildPhase;
			buildActionMask = 2147483647;
			files = (
			);
			runOnlyForDeploymentPostprocessing = 0;
		};
/* End PBXFrameworksBuildPhase section */

/* Begin PBXGroup section */
		04528A7C1FCF8B2900B647B2 = {
			isa = PBXGroup;
			children = (
				04528A871FCF8B2900B647B2 /* question */,
				04528A861FCF8B2900B647B2 /* Products */,
			);
			sourceTree = "<group>";
		};
		04528A861FCF8B2900B647B2 /* Products */ = {
			isa = PBXGroup;
			children = (
				04528A851FCF8B2900B647B2 /* question.app */,
			);
			name = Products;
			sourceTree = "<group>";
		};
		04528A871FCF8B2900B647B2 /* question */ = {
			isa = PBXGroup;
			children = (
				04528A881FCF8B2900B647B2 /* AppDelegate.swift */,
				04528A8A1FCF8B2900B647B2 /* ViewController.swift */,
				04528A8C1FCF8B2900B647B2 /* Main.storyboard */,
				04528A8F1FCF8B2900B647B2 /* Assets.xcassets */,
				04528A911FCF8B2900B647B2 /* LaunchScreen.storyboard */,
				04528A941FCF8B2900B647B2 /* Info.plist */,
			);
			path = question;
			sourceTree = "<group>";
		};
/* End PBXGroup section */

/* Begin PBXNativeTarget section */
		04528A841FCF8B2900B647B2 /* question */ = {
			isa = PBXNativeTarget;
			buildConfigurationList = 04528A971FCF8B2900B647B2 /* Build configuration list for PBXNativeTarget "question" */;
			buildPhases = (
				04528A811FCF8B2900B647B2 /* Sources */,
				04528A821FCF8B2900B647B2 /* Frameworks */,
				04528A831FCF8B2900B647B2 /* Resources */,
			);
			buildRules = (
			);
			dependencies = (
			);
			name = question;
			productName = question;
			productReference = 04528A851FCF8B2900B647B2 /* question.app */;
			productType = "com.apple.product-type.application";
		};
/* End PBXNativeTarget section */

/* Begin PBXProject section */
		04528A7D1FCF8B2900B647B2 /* Project object */ = {
			isa = PBXProject;
			attributes = {
				LastSwiftUpdateCheck = 0900;
				LastUpgradeCheck = 0900;
				ORGANIZATIONNAME = "Douglas Bump";
				TargetAttributes = {
					04528A841FCF8B2900B647B2 = {
						CreatedOnToolsVersion = 9.0;
						ProvisioningStyle = Automatic;
					};
				};
			};
			buildConfigurationList = 04528A801FCF8B2900B647B2 /* Build configuration list for PBXProject "question" */;
			compatibilityVersion = "Xcode 8.0";
			developmentRegion = en;
			hasScannedForEncodings = 0;
			knownRegions = (
				en,
				Base,
			);
			mainGroup = 04528A7C1FCF8B2900B647B2;
			productRefGroup = 04528A861FCF8B2900B647B2 /* Products */;
			projectDirPath = "";
			projectRoot = "";
			targets = (
				04528A841FCF8B2900B647B2 /* question */,
			);
		};
/* End PBXProject section */

/* Begin PBXResourcesBuildPhase section */
		04528A831FCF8B2900B647B2 /* Resources */ = {
			isa = PBXResourcesBuildPhase;
			buildActionMask = 2147483647;
			files = (
				04528A931FCF8B2900B647B2 /* LaunchScreen.storyboard in Resources */,
				04528A901FCF8B2900B647B2 /* Assets.xcassets in Resources */,
				04528A8E1FCF8B2900B647B2 /* Main.storyboard in Resources */,
			);
			runOnlyForDeploymentPostprocessing = 0;
		};
/* End PBXResourcesBuildPhase section */

/* Begin PBXSourcesBuildPhase section */
		04528A811FCF8B2900B647B2 /* Sources */ = {
			isa = PBXSourcesBuildPhase;
			buildActionMask = 2147483647;
			files = (
				04528A8B1FCF8B2900B647B2 /* ViewController.swift in Sources */,
				04528A891FCF8B2900B647B2 /* AppDelegate.swift in Sources */,
			);
			runOnlyForDeploymentPostprocessing = 0;
		};
/* End PBXSourcesBuildPhase section */

/* Begin PBXVariantGroup section */
		04528A8C1FCF8B2900B647B2 /* Main.storyboard */ = {
			isa = PBXVariantGroup;
			children = (
				04528A8D1FCF8B2900B647B2 /* Base */,
			);
			name = Main.storyboard;
			sourceTree = "<group>";
		};
		04528A911FCF8B2900B647B2 /* LaunchScreen.storyboard */ = {
			isa = PBXVariantGroup;
			children = (
				04528A921FCF8B2900B647B2 /* Base */,
			);
			name = LaunchScreen.storyboard;
			sourceTree = "<group>";
		};
/* End PBXVariantGroup section */

/* Begin XCBuildConfiguration section */
		04528A951FCF8B2900B647B2 /* Debug */ = {
			isa = XCBuildConfiguration;
			buildSettings = {
				ALWAYS_SEARCH_USER_PATHS = NO;
				CLANG_ANALYZER_NONNULL = YES;
				CLANG_ANALYZER_NUMBER_OBJECT_CONVERSION = YES_AGGRESSIVE;
				CLANG_CXX_LANGUAGE_STANDARD = "gnu++14";
				CLANG_CXX_LIBRARY = "libc++";
				CLANG_ENABLE_MODULES = YES;
				CLANG_ENABLE_OBJC_ARC = YES;
				CLANG_WARN_BLOCK_CAPTURE_AUTORELEASING = YES;
				CLANG_WARN_BOOL_CONVERSION = YES;
				CLANG_WARN_COMMA = YES;
				CLANG_WARN_CONSTANT_CONVERSION = YES;
				CLANG_WARN_DIRECT_OBJC_ISA_USAGE = YES_ERROR;
				CLANG_WARN_DOCUMENTATION_COMMENTS = YES;
				CLANG_WARN_EMPTY_BODY = YES;
				CLANG_WARN_ENUM_CONVERSION = YES;
				CLANG_WARN_INFINITE_RECURSION = YES;
				CLANG_WARN_INT_CONVERSION = YES;
				CLANG_WARN_NON_LITERAL_NULL_CONVERSION = YES;
				CLANG_WARN_OBJC_LITERAL_CONVERSION = YES;
				CLANG_WARN_OBJC_ROOT_CLASS = YES_ERROR;
				CLANG_WARN_RANGE_LOOP_ANALYSIS = YES;
				CLANG_WARN_STRICT_PROTOTYPES = YES;
				CLANG_WARN_SUSPICIOUS_MOVE = YES;
				CLANG_WARN_UNGUARDED_AVAILABILITY = YES_AGGRESSIVE;
				CLANG_WARN_UNREACHABLE_CODE = YES;
				CLANG_WARN__DUPLICATE_METHOD_MATCH = YES;
				CODE_SIGN_IDENTITY = "iPhone Developer";
				COPY_PHASE_STRIP = NO;
				DEBUG_INFORMATION_FORMAT = dwarf;
				ENABLE_STRICT_OBJC_MSGSEND = YES;
				ENABLE_TESTABILITY = YES;
				GCC_C_LANGUAGE_STANDARD = gnu11;
				GCC_DYNAMIC_NO_PIC = NO;
				GCC_NO_COMMON_BLOCKS = YES;
				GCC_OPTIMIZATION_LEVEL = 0;
				GCC_PREPROCESSOR_DEFINITIONS = (
					"DEBUG=1",
					"$(inherited)",
				);
				GCC_WARN_64_TO_32_BIT_CONVERSION = YES;
				GCC_WARN_ABOUT_RETURN_TYPE = YES_ERROR;
				GCC_WARN_UNDECLARED_SELECTOR = YES;
				GCC_WARN_UNINITIALIZED_AUTOS = YES_AGGRESSIVE;
				GCC_WARN_UNUSED_FUNCTION = YES;
				GCC_WARN_UNUSED_VARIABLE = YES;
				IPHONEOS_DEPLOYMENT_TARGET = 11.0;
				MTL_ENABLE_DEBUG_INFO = YES;
				ONLY_ACTIVE_ARCH = YES;
				SDKROOT = iphoneos;
				SWIFT_ACTIVE_COMPILATION_CONDITIONS = DEBUG;
				SWIFT_OPTIMIZATION_LEVEL = "-Onone";
			};
			name = Debug;
		};
		04528A961FCF8B2900B647B2 /* Release */ = {
			isa = XCBuildConfiguration;
			buildSettings = {
				ALWAYS_SEARCH_USER_PATHS = NO;
				CLANG_ANALYZER_NONNULL = YES;
				CLANG_ANALYZER_NUMBER_OBJECT_CONVERSION = YES_AGGRESSIVE;
				CLANG_CXX_LANGUAGE_STANDARD = "gnu++14";
				CLANG_CXX_LIBRARY = "libc++";
				CLANG_ENABLE_MODULES = YES;
				CLANG_ENABLE_OBJC_ARC = YES;
				CLANG_WARN_BLOCK_CAPTURE_AUTORELEASING = YES;
				CLANG_WARN_BOOL_CONVERSION = YES;
				CLANG_WARN_COMMA = YES;
				CLANG_WARN_CONSTANT_CONVERSION = YES;
				CLANG_WARN_DIRECT_OBJC_ISA_USAGE = YES_ERROR;
				CLANG_WARN_DOCUMENTATION_COMMENTS = YES;
				CLANG_WARN_EMPTY_BODY = YES;
				CLANG_WARN_ENUM_CONVERSION = YES;
				CLANG_WARN_INFINITE_RECURSION = YES;
				CLANG_WARN_INT_CONVERSION = YES;
				CLANG_WARN_NON_LITERAL_NULL_CONVERSION = YES;
				CLANG_WARN_OBJC_LITERAL_CONVERSION = YES;
				CLANG_WARN_OBJC_ROOT_CLASS = YES_ERROR;
				CLANG_WARN_RANGE_LOOP_ANALYSIS = YES;
				CLANG_WARN_STRICT_PROTOTYPES = YES;
				CLANG_WARN_SUSPICIOUS_MOVE = YES;
				CLANG_WARN_UNGUARDED_AVAILABILITY = YES_AGGRESSIVE;
				CLANG_WARN_UNREACHABLE_CODE = YES;
				CLANG_WARN__DUPLICATE_METHOD_MATCH = YES;
				CODE_SIGN_IDENTITY = "iPhone Developer";
				COPY_PHASE_STRIP = NO;
				DEBUG_INFORMATION_FORMAT = "dwarf-with-dsym";
				ENABLE_NS_ASSERTIONS = NO;
				ENABLE_STRICT_OBJC_MSGSEND = YES;
				GCC_C_LANGUAGE_STANDARD = gnu11;
				GCC_NO_COMMON_BLOCKS = YES;
				GCC_WARN_64_TO_32_BIT_CONVERSION = YES;
				GCC_WARN_ABOUT_RETURN_TYPE = YES_ERROR;
				GCC_WARN_UNDECLARED_SELECTOR = YES;
				GCC_WARN_UNINITIALIZED_AUTOS = YES_AGGRESSIVE;
				GCC_WARN_UNUSED_FUNCTION = YES;
				GCC_WARN_UNUSED_VARIABLE = YES;
				IPHONEOS_DEPLOYMENT_TARGET = 11.0;
				MTL_ENABLE_DEBUG_INFO = NO;
				SDKROOT = iphoneos;
				SWIFT_OPTIMIZATION_LEVEL = "-Owholemodule";
				VALIDATE_PRODUCT = YES;
			};
			name = Release;
		};
		04528A981FCF8B2900B647B2 /* Debug */ = {
			isa = XCBuildConfiguration;
			buildSettings = {
				ASSETCATALOG_COMPILER_APPICON_NAME = AppIcon;
				CODE_SIGN_STYLE = Automatic;
				DEVELOPMENT_TEAM = J5QRW8MWR3;
				INFOPLIST_FILE = question/Info.plist;
				LD_RUNPATH_SEARCH_PATHS = "$(inherited) @executable_path/Frameworks";
				PRODUCT_BUNDLE_IDENTIFIER = com.Bump.question;
				PRODUCT_NAME = "$(TARGET_NAME)";
				SWIFT_VERSION = 4.0;
				TARGETED_DEVICE_FAMILY = "1,2";
			};
			name = Debug;
		};
		04528A991FCF8B2900B647B2 /* Release */ = {
			isa = XCBuildConfiguration;
			buildSettings = {
				ASSETCATALOG_COMPILER_APPICON_NAME = AppIcon;
				CODE_SIGN_STYLE = Automatic;
				DEVELOPMENT_TEAM = J5QRW8MWR3;
				INFOPLIST_FILE = question/Info.plist;
				LD_RUNPATH_SEARCH_PATHS = "$(inherited) @executable_path/Frameworks";
				PRODUCT_BUNDLE_IDENTIFIER = com.Bump.question;
				PRODUCT_NAME = "$(TARGET_NAME)";
				SWIFT_VERSION = 4.0;
				TARGETED_DEVICE_FAMILY = "1,2";
			};
			name = Release;
		};
/* End XCBuildConfiguration section */

/* Begin XCConfigurationList section */
		04528A801FCF8B2900B647B2 /* Build configuration list for PBXProject "question" */ = {
			isa = XCConfigurationList;
			buildConfigurations = (
				04528A951FCF8B2900B647B2 /* Debug */,
				04528A961FCF8B2900B647B2 /* Release */,
			);
			defaultConfigurationIsVisible = 0;
			defaultConfigurationName = Release;
		};
		04528A971FCF8B2900B647B2 /* Build configuration list for PBXNativeTarget "question" */ = {
			isa = XCConfigurationList;
			buildConfigurations = (
				04528A981FCF8B2900B647B2 /* Debug */,
				04528A991FCF8B2900B647B2 /* Release */,
			);
			defaultConfigurationIsVisible = 0;
			defaultConfigurationName = Release;
		};
/* End XCConfigurationList section */
	};
	rootObject = 04528A7D1FCF8B2900B647B2 /* Project object */;
}
